<?xml version="1.0" encoding="utf-8"?>
<Project ToolsVersion="4.0" xmlns="http://schemas.microsoft.com/developer/msbuild/2003">
  <ItemGroup>
    <ClCompile Include="source\day1.cppm" />
    <ClCompile Include="source\day2.cppm" />
    <ClCompile Include="source\main.cpp" />
    <ClCompile Include="source\day3.cppm" />
    <ClCompile Include="source\day4.cppm" />
    <ClCompile Include="source\day5.cppm" />
    <ClCompile Include="source\day6.cppm" />
    <ClCompile Include="source\day7.cppm" />
    <ClCompile Include="source\day8.cppm" />
    <ClCompile Include="source\day9.cppm" />
    <ClCompile Include="source\day10.cppm" />
    <ClCompile Include="source\day11.cppm" />
    <ClCompile Include="source\common.cppm" />
    <ClCompile Include="source\day12.cppm" />
    <ClCompile Include="source\day13.cppm" />
    <ClCompile Include="source\day14.cppm" />
    <ClCompile Include="source\day15.cppm" />
    <ClCompile Include="source\day16.cppm" />
    <ClCompile Include="source\day17.cppm" />
    <ClCompile Include="source\day18.cppm" />
    <ClCompile Include="source\day19.cppm" />
    <ClCompile Include="source\day20.cppm" />
    <ClCompile Include="source\day21.cppm" />
    <ClCompile Include="source\day22.cppm" />
    <ClCompile Include="source\day23.cppm" />
    <ClCompile Include="source\day24.cppm" />
  </ItemGroup>
</Project>